
Microsoft Visual Studio Solution File, Format Version 12.00
# Visual Studio Version 17
VisualStudioVersion = 17.0.31912.275
MinimumVisualStudioVersion = 10.0.40219.1
Project("{FAE04EC0-301F-11D3-BF4B-00C04F79EFBC}") = "Teste2", "Teste2\Teste2.csproj", "{90D2D23D-F9B3-4E4C-A9D3-7C1B7D5C8AD9}"
EndProject
Global
	GlobalSection(SolutionConfigurationPlatforms) = preSolution
		Debug|Any CPU = Debug|Any CPU
		Release|Any CPU = Release|Any CPU
	EndGlobalSection
	GlobalSection(ProjectConfigurationPlatforms) = postSolution
		{90D2D23D-F9B3-4E4C-A9D3-7C1B7D5C8AD9}.Debug|Any CPU.ActiveCfg = Debug|Any CPU
		{90D2D23D-F9B3-4E4C-A9D3-7C1B7D5C8AD9}.Debug|Any CPU.Build.0 = Debug|Any CPU
		{90D2D23D-F9B3-4E4C-A9D3-7C1B7D5C8AD9}.Release|Any CPU.ActiveCfg = Release|Any CPU
		{90D2D23D-F9B3-4E4C-A9D3-7C1B7D5C8AD9}.Release|Any CPU.Build.0 = Release|Any CPU
	EndGlobalSection
	GlobalSection(SolutionProperties) = preSolution
		HideSolutionNode = FALSE
	EndGlobalSection
	GlobalSection(ExtensibilityGlobals) = postSolution
		SolutionGuid = {BEFF609C-0912-438B-AE3F-C0B306A5E2A6}
	EndGlobalSection
EndGlobal
