
Microsoft Visual Studio Solution File, Format Version 12.00
# Visual Studio Version 17
VisualStudioVersion = 17.0.31903.59
MinimumVisualStudioVersion = 10.0.40219.1
Project("{FAE04EC0-301F-11D3-BF4B-00C04F79EFBC}") = "Matriz", "Matriz\Matriz.csproj", "{E370F219-8EAC-4A10-BA03-FAA91EFE43D0}"
EndProject
Global
	GlobalSection(SolutionConfigurationPlatforms) = preSolution
		Debug|Any CPU = Debug|Any CPU
		Release|Any CPU = Release|Any CPU
	EndGlobalSection
	GlobalSection(ProjectConfigurationPlatforms) = postSolution
		{E370F219-8EAC-4A10-BA03-FAA91EFE43D0}.Debug|Any CPU.ActiveCfg = Debug|Any CPU
		{E370F219-8EAC-4A10-BA03-FAA91EFE43D0}.Debug|Any CPU.Build.0 = Debug|Any CPU
		{E370F219-8EAC-4A10-BA03-FAA91EFE43D0}.Release|Any CPU.ActiveCfg = Release|Any CPU
		{E370F219-8EAC-4A10-BA03-FAA91EFE43D0}.Release|Any CPU.Build.0 = Release|Any CPU
	EndGlobalSection
	GlobalSection(SolutionProperties) = preSolution
		HideSolutionNode = FALSE
	EndGlobalSection
	GlobalSection(ExtensibilityGlobals) = postSolution
		SolutionGuid = {6AEF392C-11E1-4A22-B385-6E4070FB5597}
	EndGlobalSection
EndGlobal
